PODS:
  - Alamofire (4.4.0)
  - JTAppleCalendar (7.0.1)

DEPENDENCIES:
  - Alamofire (= 4.4.0)
  - JTAppleCalendar (~> 7.0)

SPEC CHECKSUMS:
  Alamofire: dc44b1600b800eb63da6a19039a0083d62a6a62d
  JTAppleCalendar: 7c8cba3e06fd6fdfed72382eeeb87c304e727ddb

PODFILE CHECKSUM: a58534e89e8a29aa7567aa7ceee3b6bd1587fe4a

COCOAPODS: 1.2.1
